
Microsoft Visual Studio Solution File, Format Version 12.00
# Visual Studio Version 17
VisualStudioVersion = 17.14.36518.9 d17.14
MinimumVisualStudioVersion = 10.0.40219.1
Project("{FAE04EC0-301F-11D3-BF4B-00C04F79EFBC}") = "Delegate Homework", "Delegate Homework\Delegate Homework.csproj", "{FD3CBC0A-1A2A-4C59-849B-05C17DB353A8}"
EndProject
Global
	GlobalSection(SolutionConfigurationPlatforms) = preSolution
		Debug|Any CPU = Debug|Any CPU
		Release|Any CPU = Release|Any CPU
	EndGlobalSection
	GlobalSection(ProjectConfigurationPlatforms) = postSolution
		{FD3CBC0A-1A2A-4C59-849B-05C17DB353A8}.Debug|Any CPU.ActiveCfg = Debug|Any CPU
		{FD3CBC0A-1A2A-4C59-849B-05C17DB353A8}.Debug|Any CPU.Build.0 = Debug|Any CPU
		{FD3CBC0A-1A2A-4C59-849B-05C17DB353A8}.Release|Any CPU.ActiveCfg = Release|Any CPU
		{FD3CBC0A-1A2A-4C59-849B-05C17DB353A8}.Release|Any CPU.Build.0 = Release|Any CPU
	EndGlobalSection
	GlobalSection(SolutionProperties) = preSolution
		HideSolutionNode = FALSE
	EndGlobalSection
	GlobalSection(ExtensibilityGlobals) = postSolution
		SolutionGuid = {90FDAE44-BF51-4B89-BEFA-DD4CCAD3C1E3}
	EndGlobalSection
EndGlobal
